
Microsoft Visual Studio Solution File, Format Version 12.00
# Visual Studio Version 17
VisualStudioVersion = 17.0.31912.275
MinimumVisualStudioVersion = 10.0.40219.1
Project("{FAE04EC0-301F-11D3-BF4B-00C04F79EFBC}") = "rtlAppStore", "rtlAppStore\rtlAppStore.csproj", "{F51B7A42-3E4A-457F-8D04-E46A5A373718}"
EndProject
Global
	GlobalSection(SolutionConfigurationPlatforms) = preSolution
		Debug|Any CPU = Debug|Any CPU
		Release|Any CPU = Release|Any CPU
	EndGlobalSection
	GlobalSection(ProjectConfigurationPlatforms) = postSolution
		{F51B7A42-3E4A-457F-8D04-E46A5A373718}.Debug|Any CPU.ActiveCfg = Debug|Any CPU
		{F51B7A42-3E4A-457F-8D04-E46A5A373718}.Debug|Any CPU.Build.0 = Debug|Any CPU
		{F51B7A42-3E4A-457F-8D04-E46A5A373718}.Release|Any CPU.ActiveCfg = Release|Any CPU
		{F51B7A42-3E4A-457F-8D04-E46A5A373718}.Release|Any CPU.Build.0 = Release|Any CPU
	EndGlobalSection
	GlobalSection(SolutionProperties) = preSolution
		HideSolutionNode = FALSE
	EndGlobalSection
	GlobalSection(ExtensibilityGlobals) = postSolution
		SolutionGuid = {979683AA-3C18-4671-9FEA-6376AB7CDFB1}
	EndGlobalSection
EndGlobal
